
Microsoft Visual Studio Solution File, Format Version 12.00
# Visual Studio Version 17
VisualStudioVersion = 17.5.33424.131
MinimumVisualStudioVersion = 10.0.40219.1
Project("{9A19103F-16F7-4668-BE54-9A1E7A4F7556}") = "KurGoster", "KurGoster\KurGoster.csproj", "{51EDC741-B5D5-4063-8B5D-F61E7C597920}"
EndProject
Project("{9A19103F-16F7-4668-BE54-9A1E7A4F7556}") = "MerkezBankasiApi", "MerkezBankasiApi\MerkezBankasiApi.csproj", "{C62A99B7-E862-4830-8658-568874742043}"
EndProject
Global
	GlobalSection(SolutionConfigurationPlatforms) = preSolution
		Debug|Any CPU = Debug|Any CPU
		Release|Any CPU = Release|Any CPU
	EndGlobalSection
	GlobalSection(ProjectConfigurationPlatforms) = postSolution
		{51EDC741-B5D5-4063-8B5D-F61E7C597920}.Debug|Any CPU.ActiveCfg = Debug|Any CPU
		{51EDC741-B5D5-4063-8B5D-F61E7C597920}.Debug|Any CPU.Build.0 = Debug|Any CPU
		{51EDC741-B5D5-4063-8B5D-F61E7C597920}.Release|Any CPU.ActiveCfg = Release|Any CPU
		{51EDC741-B5D5-4063-8B5D-F61E7C597920}.Release|Any CPU.Build.0 = Release|Any CPU
		{C62A99B7-E862-4830-8658-568874742043}.Debug|Any CPU.ActiveCfg = Debug|Any CPU
		{C62A99B7-E862-4830-8658-568874742043}.Debug|Any CPU.Build.0 = Debug|Any CPU
		{C62A99B7-E862-4830-8658-568874742043}.Release|Any CPU.ActiveCfg = Release|Any CPU
		{C62A99B7-E862-4830-8658-568874742043}.Release|Any CPU.Build.0 = Release|Any CPU
	EndGlobalSection
	GlobalSection(SolutionProperties) = preSolution
		HideSolutionNode = FALSE
	EndGlobalSection
	GlobalSection(ExtensibilityGlobals) = postSolution
		SolutionGuid = {2200E1AF-8BB5-4202-8B92-0B67DE897010}
	EndGlobalSection
EndGlobal
